// !$*UTF8*$!
{
	archiveVersion = 1;
	classes = {
	};
	objectVersion = 50;
	objects = {

/* Begin PBXBuildFile section */
		AF242D6A2197947800564FEF /* AlamofireRequestFake.swift in Sources */ = {isa = PBXBuildFile; fileRef = AF242D692197947800564FEF /* AlamofireRequestFake.swift */; };
		AF41FA5F21B8403800120ECA /* Parameter.swift in Sources */ = {isa = PBXBuildFile; fileRef = AF41FA5E21B8403800120ECA /* Parameter.swift */; };
		AF449AFF219DB5480073B7F7 /* RecipeViewController.swift in Sources */ = {isa = PBXBuildFile; fileRef = AF449AFE219DB5480073B7F7 /* RecipeViewController.swift */; };
		AF4B47A921962A4B0031FFCE /* HTTPTask.swift in Sources */ = {isa = PBXBuildFile; fileRef = AF4B47A321962A4A0031FFCE /* HTTPTask.swift */; };
		AF4B47AA21962A4B0031FFCE /* Router.swift in Sources */ = {isa = PBXBuildFile; fileRef = AF4B47A421962A4A0031FFCE /* Router.swift */; };
		AF4B47AB21962A4B0031FFCE /* NetworkManager.swift in Sources */ = {isa = PBXBuildFile; fileRef = AF4B47A521962A4A0031FFCE /* NetworkManager.swift */; };
		AF4B47AC21962A4B0031FFCE /* EndPointType.swift in Sources */ = {isa = PBXBuildFile; fileRef = AF4B47A621962A4A0031FFCE /* EndPointType.swift */; };
		AF4B47AD21962A4B0031FFCE /* NetworkRouter.swift in Sources */ = {isa = PBXBuildFile; fileRef = AF4B47A721962A4B0031FFCE /* NetworkRouter.swift */; };
		AF4B47AE21962A4B0031FFCE /* HTTPMethod.swift in Sources */ = {isa = PBXBuildFile; fileRef = AF4B47A821962A4B0031FFCE /* HTTPMethod.swift */; };
		AF4B47B021962A510031FFCE /* SearchRecipeAPI.swift in Sources */ = {isa = PBXBuildFile; fileRef = AF4B47AF21962A510031FFCE /* SearchRecipeAPI.swift */; };
		AF4B47B421962A590031FFCE /* ParameterEncoding.swift in Sources */ = {isa = PBXBuildFile; fileRef = AF4B47B121962A590031FFCE /* ParameterEncoding.swift */; };
		AF4B47B521962A590031FFCE /* URLParameterEncoder.swift in Sources */ = {isa = PBXBuildFile; fileRef = AF4B47B221962A590031FFCE /* URLParameterEncoder.swift */; };
		AF4B47BC21962B210031FFCE /* JSONParameterEncoder.swift in Sources */ = {isa = PBXBuildFile; fileRef = AF4B47BB21962B210031FFCE /* JSONParameterEncoder.swift */; };
		AF4B47BE219630040031FFCE /* FakeResponse.swift in Sources */ = {isa = PBXBuildFile; fileRef = AF4B47BD219630040031FFCE /* FakeResponse.swift */; };
		AF4B47C021964AC60031FFCE /* AlamofireRequest.swift in Sources */ = {isa = PBXBuildFile; fileRef = AF4B47BF21964AC50031FFCE /* AlamofireRequest.swift */; };
		AF5E4B8F21C784270016EA9D /* ParametersHeaderTableViewCell.swift in Sources */ = {isa = PBXBuildFile; fileRef = AF5E4B8E21C784270016EA9D /* ParametersHeaderTableViewCell.swift */; };
		AF6DBBCA216B4C4500E9023F /* AppDelegate.swift in Sources */ = {isa = PBXBuildFile; fileRef = AF6DBBC9216B4C4500E9023F /* AppDelegate.swift */; };
		AF6DBBCF216B4C4500E9023F /* Main.storyboard in Resources */ = {isa = PBXBuildFile; fileRef = AF6DBBCD216B4C4500E9023F /* Main.storyboard */; };
		AF6DBBD2216B4C4500E9023F /* Reciplease.xcdatamodeld in Sources */ = {isa = PBXBuildFile; fileRef = AF6DBBD0216B4C4500E9023F /* Reciplease.xcdatamodeld */; };
		AF6DBBD4216B4C4800E9023F /* Assets.xcassets in Resources */ = {isa = PBXBuildFile; fileRef = AF6DBBD3216B4C4800E9023F /* Assets.xcassets */; };
		AF6DBBD7216B4C4800E9023F /* LaunchScreen.storyboard in Resources */ = {isa = PBXBuildFile; fileRef = AF6DBBD5216B4C4800E9023F /* LaunchScreen.storyboard */; };
		AF6F1E272181C32D00938222 /* RecipeServiceTestCase.swift in Sources */ = {isa = PBXBuildFile; fileRef = AF6F1E262181C32D00938222 /* RecipeServiceTestCase.swift */; };
		AF7B51D221918EDF0001FCC5 /* SearchRecipe.swift in Sources */ = {isa = PBXBuildFile; fileRef = AF7B51D121918EDF0001FCC5 /* SearchRecipe.swift */; };
		AF8D183821A70983003B82B4 /* DisplayAlert.swift in Sources */ = {isa = PBXBuildFile; fileRef = AF8D183721A70983003B82B4 /* DisplayAlert.swift */; };
		AF8D183A21A70A2E003B82B4 /* UIViewControler + Extension.swift in Sources */ = {isa = PBXBuildFile; fileRef = AF8D183921A70A2E003B82B4 /* UIViewControler + Extension.swift */; };
		AF8D183D21A70BF8003B82B4 /* FavoriteTableViewController.swift in Sources */ = {isa = PBXBuildFile; fileRef = AF8D183C21A70BF8003B82B4 /* FavoriteTableViewController.swift */; };
		AF91CDB121B082EF00E82A5C /* ParametersTableViewController.swift in Sources */ = {isa = PBXBuildFile; fileRef = AF91CDB021B082EF00E82A5C /* ParametersTableViewController.swift */; };
		AF91CDB321B0956300E82A5C /* ParametersTableViewCell.swift in Sources */ = {isa = PBXBuildFile; fileRef = AF91CDB221B0956300E82A5C /* ParametersTableViewCell.swift */; };
		AFA247F621A322B600B29B09 /* UIImage + Extension.swift in Sources */ = {isa = PBXBuildFile; fileRef = AFA247F521A322B600B29B09 /* UIImage + Extension.swift */; };
		AFA247F821A3669E00B29B09 /* RecipeAPI.swift in Sources */ = {isa = PBXBuildFile; fileRef = AFA247F721A3669E00B29B09 /* RecipeAPI.swift */; };
		AFA247FA21A36E7E00B29B09 /* Recipe.swift in Sources */ = {isa = PBXBuildFile; fileRef = AFA247F921A36E7E00B29B09 /* Recipe.swift */; };
		AFBF6AB52180B80B00C424E8 /* IngredientViewController.swift in Sources */ = {isa = PBXBuildFile; fileRef = AFBF6AB42180B80B00C424E8 /* IngredientViewController.swift */; };
		AFBF6AB9218111E700C424E8 /* SearchResultTableViewCell.swift in Sources */ = {isa = PBXBuildFile; fileRef = AFBF6AB8218111E700C424E8 /* SearchResultTableViewCell.swift */; };
		AFC1C5E62190789000905734 /* RecipeService.swift in Sources */ = {isa = PBXBuildFile; fileRef = AFC1C5E52190789000905734 /* RecipeService.swift */; };
		AFD1CC542194396E002526D5 /* FakeResponseData.swift in Sources */ = {isa = PBXBuildFile; fileRef = AFD1CC532194396E002526D5 /* FakeResponseData.swift */; };
		AFD1CC5621943A01002526D5 /* Recipe.json in Resources */ = {isa = PBXBuildFile; fileRef = AFD1CC5521943A01002526D5 /* Recipe.json */; };
		AFD1CC622194E6D8002526D5 /* Constant.swift in Sources */ = {isa = PBXBuildFile; fileRef = AFD1CC612194E6D8002526D5 /* Constant.swift */; };
		AFDE90C521C39F0300F53EB2 /* FavoriteRecipe.swift in Sources */ = {isa = PBXBuildFile; fileRef = AFDE90C421C39F0300F53EB2 /* FavoriteRecipe.swift */; };
		AFDE90C721C3C5D600F53EB2 /* Ingredient.swift in Sources */ = {isa = PBXBuildFile; fileRef = AFDE90C621C3C5D600F53EB2 /* Ingredient.swift */; };
		AFFAD3DB219AEC2C00876788 /* RecipeListTableViewController.swift in Sources */ = {isa = PBXBuildFile; fileRef = AFFAD3DA219AEC2C00876788 /* RecipeListTableViewController.swift */; };
		FDC516F5548476CE6D516778 /* Pods_Reciplease.framework in Frameworks */ = {isa = PBXBuildFile; fileRef = AE27F32DED38BCF34F38BD3C /* Pods_Reciplease.framework */; };
/* End PBXBuildFile section */

/* Begin PBXContainerItemProxy section */
		AFB6E9992181B6B2005FD513 /* PBXContainerItemProxy */ = {
			isa = PBXContainerItemProxy;
			containerPortal = AF6DBBBE216B4C4500E9023F /* Project object */;
			proxyType = 1;
			remoteGlobalIDString = AF6DBBC5216B4C4500E9023F;
			remoteInfo = Reciplease;
		};
/* End PBXContainerItemProxy section */

/* Begin PBXFileReference section */
		190316DFDC2B50ECC50FB332 /* Pods-Reciplease.debug.xcconfig */ = {isa = PBXFileReference; includeInIndex = 1; lastKnownFileType = text.xcconfig; name = "Pods-Reciplease.debug.xcconfig"; path = "Pods/Target Support Files/Pods-Reciplease/Pods-Reciplease.debug.xcconfig"; sourceTree = "<group>"; };
		AE27F32DED38BCF34F38BD3C /* Pods_Reciplease.framework */ = {isa = PBXFileReference; explicitFileType = wrapper.framework; includeInIndex = 0; path = Pods_Reciplease.framework; sourceTree = BUILT_PRODUCTS_DIR; };
		AF242D692197947800564FEF /* AlamofireRequestFake.swift */ = {isa = PBXFileReference; lastKnownFileType = sourcecode.swift; path = AlamofireRequestFake.swift; sourceTree = "<group>"; };
		AF41FA5E21B8403800120ECA /* Parameter.swift */ = {isa = PBXFileReference; lastKnownFileType = sourcecode.swift; path = Parameter.swift; sourceTree = "<group>"; };
		AF449AFE219DB5480073B7F7 /* RecipeViewController.swift */ = {isa = PBXFileReference; lastKnownFileType = sourcecode.swift; path = RecipeViewController.swift; sourceTree = "<group>"; };
		AF4B47A321962A4A0031FFCE /* HTTPTask.swift */ = {isa = PBXFileReference; lastKnownFileType = sourcecode.swift; path = HTTPTask.swift; sourceTree = "<group>"; };
		AF4B47A421962A4A0031FFCE /* Router.swift */ = {isa = PBXFileReference; lastKnownFileType = sourcecode.swift; path = Router.swift; sourceTree = "<group>"; };
		AF4B47A521962A4A0031FFCE /* NetworkManager.swift */ = {isa = PBXFileReference; lastKnownFileType = sourcecode.swift; path = NetworkManager.swift; sourceTree = "<group>"; };
		AF4B47A621962A4A0031FFCE /* EndPointType.swift */ = {isa = PBXFileReference; lastKnownFileType = sourcecode.swift; path = EndPointType.swift; sourceTree = "<group>"; };
		AF4B47A721962A4B0031FFCE /* NetworkRouter.swift */ = {isa = PBXFileReference; lastKnownFileType = sourcecode.swift; path = NetworkRouter.swift; sourceTree = "<group>"; };
		AF4B47A821962A4B0031FFCE /* HTTPMethod.swift */ = {isa = PBXFileReference; lastKnownFileType = sourcecode.swift; path = HTTPMethod.swift; sourceTree = "<group>"; };
		AF4B47AF21962A510031FFCE /* SearchRecipeAPI.swift */ = {isa = PBXFileReference; lastKnownFileType = sourcecode.swift; path = SearchRecipeAPI.swift; sourceTree = "<group>"; };
		AF4B47B121962A590031FFCE /* ParameterEncoding.swift */ = {isa = PBXFileReference; lastKnownFileType = sourcecode.swift; path = ParameterEncoding.swift; sourceTree = "<group>"; };
		AF4B47B221962A590031FFCE /* URLParameterEncoder.swift */ = {isa = PBXFileReference; lastKnownFileType = sourcecode.swift; path = URLParameterEncoder.swift; sourceTree = "<group>"; };
		AF4B47BB21962B210031FFCE /* JSONParameterEncoder.swift */ = {isa = PBXFileReference; lastKnownFileType = sourcecode.swift; path = JSONParameterEncoder.swift; sourceTree = "<group>"; };
		AF4B47BD219630040031FFCE /* FakeResponse.swift */ = {isa = PBXFileReference; lastKnownFileType = sourcecode.swift; path = FakeResponse.swift; sourceTree = "<group>"; };
		AF4B47BF21964AC50031FFCE /* AlamofireRequest.swift */ = {isa = PBXFileReference; lastKnownFileType = sourcecode.swift; path = AlamofireRequest.swift; sourceTree = "<group>"; };
		AF5E4B8E21C784270016EA9D /* ParametersHeaderTableViewCell.swift */ = {isa = PBXFileReference; lastKnownFileType = sourcecode.swift; path = ParametersHeaderTableViewCell.swift; sourceTree = "<group>"; };
		AF6DBBC6216B4C4500E9023F /* Reciplease.app */ = {isa = PBXFileReference; explicitFileType = wrapper.application; includeInIndex = 0; path = Reciplease.app; sourceTree = BUILT_PRODUCTS_DIR; };
		AF6DBBC9216B4C4500E9023F /* AppDelegate.swift */ = {isa = PBXFileReference; lastKnownFileType = sourcecode.swift; path = AppDelegate.swift; sourceTree = "<group>"; };
		AF6DBBCE216B4C4500E9023F /* Base */ = {isa = PBXFileReference; lastKnownFileType = file.storyboard; name = Base; path = Base.lproj/Main.storyboard; sourceTree = "<group>"; };
		AF6DBBD1216B4C4500E9023F /* Reciplease.xcdatamodel */ = {isa = PBXFileReference; lastKnownFileType = wrapper.xcdatamodel; path = Reciplease.xcdatamodel; sourceTree = "<group>"; };
		AF6DBBD3216B4C4800E9023F /* Assets.xcassets */ = {isa = PBXFileReference; lastKnownFileType = folder.assetcatalog; path = Assets.xcassets; sourceTree = "<group>"; };
		AF6DBBD6216B4C4800E9023F /* Base */ = {isa = PBXFileReference; lastKnownFileType = file.storyboard; name = Base; path = Base.lproj/LaunchScreen.storyboard; sourceTree = "<group>"; };
		AF6DBBD8216B4C4800E9023F /* Info.plist */ = {isa = PBXFileReference; lastKnownFileType = text.plist.xml; path = Info.plist; sourceTree = "<group>"; };
		AF6F1E262181C32D00938222 /* RecipeServiceTestCase.swift */ = {isa = PBXFileReference; lastKnownFileType = sourcecode.swift; path = RecipeServiceTestCase.swift; sourceTree = "<group>"; };
		AF7B51D121918EDF0001FCC5 /* SearchRecipe.swift */ = {isa = PBXFileReference; lastKnownFileType = sourcecode.swift; path = SearchRecipe.swift; sourceTree = "<group>"; };
		AF8D183721A70983003B82B4 /* DisplayAlert.swift */ = {isa = PBXFileReference; lastKnownFileType = sourcecode.swift; path = DisplayAlert.swift; sourceTree = "<group>"; };
		AF8D183921A70A2E003B82B4 /* UIViewControler + Extension.swift */ = {isa = PBXFileReference; lastKnownFileType = sourcecode.swift; path = "UIViewControler + Extension.swift"; sourceTree = "<group>"; };
		AF8D183C21A70BF8003B82B4 /* FavoriteTableViewController.swift */ = {isa = PBXFileReference; lastKnownFileType = sourcecode.swift; path = FavoriteTableViewController.swift; sourceTree = "<group>"; };
		AF91CDB021B082EF00E82A5C /* ParametersTableViewController.swift */ = {isa = PBXFileReference; lastKnownFileType = sourcecode.swift; path = ParametersTableViewController.swift; sourceTree = "<group>"; };
		AF91CDB221B0956300E82A5C /* ParametersTableViewCell.swift */ = {isa = PBXFileReference; lastKnownFileType = sourcecode.swift; path = ParametersTableViewCell.swift; sourceTree = "<group>"; };
		AFA247F521A322B600B29B09 /* UIImage + Extension.swift */ = {isa = PBXFileReference; lastKnownFileType = sourcecode.swift; path = "UIImage + Extension.swift"; sourceTree = "<group>"; };
		AFA247F721A3669E00B29B09 /* RecipeAPI.swift */ = {isa = PBXFileReference; lastKnownFileType = sourcecode.swift; path = RecipeAPI.swift; sourceTree = "<group>"; };
		AFA247F921A36E7E00B29B09 /* Recipe.swift */ = {isa = PBXFileReference; lastKnownFileType = sourcecode.swift; path = Recipe.swift; sourceTree = "<group>"; };
		AFB6E9942181B6B2005FD513 /* RecipleaseTests.xctest */ = {isa = PBXFileReference; explicitFileType = wrapper.cfbundle; includeInIndex = 0; path = RecipleaseTests.xctest; sourceTree = BUILT_PRODUCTS_DIR; };
		AFB6E9982181B6B2005FD513 /* Info.plist */ = {isa = PBXFileReference; lastKnownFileType = text.plist.xml; path = Info.plist; sourceTree = "<group>"; };
		AFBF6AB42180B80B00C424E8 /* IngredientViewController.swift */ = {isa = PBXFileReference; lastKnownFileType = sourcecode.swift; path = IngredientViewController.swift; sourceTree = "<group>"; };
		AFBF6AB8218111E700C424E8 /* SearchResultTableViewCell.swift */ = {isa = PBXFileReference; lastKnownFileType = sourcecode.swift; path = SearchResultTableViewCell.swift; sourceTree = "<group>"; };
		AFC1C5E52190789000905734 /* RecipeService.swift */ = {isa = PBXFileReference; lastKnownFileType = sourcecode.swift; path = RecipeService.swift; sourceTree = "<group>"; };
		AFD1CC532194396E002526D5 /* FakeResponseData.swift */ = {isa = PBXFileReference; lastKnownFileType = sourcecode.swift; path = FakeResponseData.swift; sourceTree = "<group>"; };
		AFD1CC5521943A01002526D5 /* Recipe.json */ = {isa = PBXFileReference; lastKnownFileType = text.json; path = Recipe.json; sourceTree = "<group>"; };
		AFD1CC612194E6D8002526D5 /* Constant.swift */ = {isa = PBXFileReference; lastKnownFileType = sourcecode.swift; path = Constant.swift; sourceTree = "<group>"; };
		AFDE90C421C39F0300F53EB2 /* FavoriteRecipe.swift */ = {isa = PBXFileReference; lastKnownFileType = sourcecode.swift; path = FavoriteRecipe.swift; sourceTree = "<group>"; };
		AFDE90C621C3C5D600F53EB2 /* Ingredient.swift */ = {isa = PBXFileReference; lastKnownFileType = sourcecode.swift; path = Ingredient.swift; sourceTree = "<group>"; };
		AFFAD3DA219AEC2C00876788 /* RecipeListTableViewController.swift */ = {isa = PBXFileReference; lastKnownFileType = sourcecode.swift; path = RecipeListTableViewController.swift; sourceTree = "<group>"; };
		F48E3EE0BB0B05C4E46B1E13 /* Pods-Reciplease.release.xcconfig */ = {isa = PBXFileReference; includeInIndex = 1; lastKnownFileType = text.xcconfig; name = "Pods-Reciplease.release.xcconfig"; path = "Pods/Target Support Files/Pods-Reciplease/Pods-Reciplease.release.xcconfig"; sourceTree = "<group>"; };
/* End PBXFileReference section */

/* Begin PBXFrameworksBuildPhase section */
		AF6DBBC3216B4C4500E9023F /* Frameworks */ = {
			isa = PBXFrameworksBuildPhase;
			buildActionMask = 2147483647;
			files = (
				FDC516F5548476CE6D516778 /* Pods_Reciplease.framework in Frameworks */,
			);
			runOnlyForDeploymentPostprocessing = 0;
		};
		AFB6E9912181B6B2005FD513 /* Frameworks */ = {
			isa = PBXFrameworksBuildPhase;
			buildActionMask = 2147483647;
			files = (
			);
			runOnlyForDeploymentPostprocessing = 0;
		};
/* End PBXFrameworksBuildPhase section */

/* Begin PBXGroup section */
		2AA42BAEA2E8B09EDBFA1F31 /* Frameworks */ = {
			isa = PBXGroup;
			children = (
				AE27F32DED38BCF34F38BD3C /* Pods_Reciplease.framework */,
			);
			name = Frameworks;
			sourceTree = "<group>";
		};
		AF4B47B721962A7D0031FFCE /* Encoding */ = {
			isa = PBXGroup;
			children = (
				AF4B47BB21962B210031FFCE /* JSONParameterEncoder.swift */,
				AF4B47B121962A590031FFCE /* ParameterEncoding.swift */,
				AF4B47B221962A590031FFCE /* URLParameterEncoder.swift */,
			);
			path = Encoding;
			sourceTree = "<group>";
		};
		AF4B47B821962A920031FFCE /* EndPoint */ = {
			isa = PBXGroup;
			children = (
				AF4B47AF21962A510031FFCE /* SearchRecipeAPI.swift */,
				AFA247F721A3669E00B29B09 /* RecipeAPI.swift */,
			);
			path = EndPoint;
			sourceTree = "<group>";
		};
		AF4B47B921962AA80031FFCE /* Service */ = {
			isa = PBXGroup;
			children = (
				AF4B47A621962A4A0031FFCE /* EndPointType.swift */,
				AF4B47A821962A4B0031FFCE /* HTTPMethod.swift */,
				AF4B47A321962A4A0031FFCE /* HTTPTask.swift */,
				AF4B47A521962A4A0031FFCE /* NetworkManager.swift */,
				AF4B47A721962A4B0031FFCE /* NetworkRouter.swift */,
				AF4B47BF21964AC50031FFCE /* AlamofireRequest.swift */,
				AF4B47A421962A4A0031FFCE /* Router.swift */,
			);
			path = Service;
			sourceTree = "<group>";
		};
		AF4B47BA21962AB80031FFCE /* Networking */ = {
			isa = PBXGroup;
			children = (
				AF4B47B721962A7D0031FFCE /* Encoding */,
				AF4B47B821962A920031FFCE /* EndPoint */,
				AF4B47B921962AA80031FFCE /* Service */,
			);
			path = Networking;
			sourceTree = "<group>";
		};
		AF6DBBBD216B4C4500E9023F = {
			isa = PBXGroup;
			children = (
				AF6DBBC8216B4C4500E9023F /* Reciplease */,
				AFB6E9952181B6B2005FD513 /* RecipleaseTests */,
				AF6DBBC7216B4C4500E9023F /* Products */,
				BAA476F3857E9A86638F9B1C /* Pods */,
				2AA42BAEA2E8B09EDBFA1F31 /* Frameworks */,
			);
			sourceTree = "<group>";
		};
		AF6DBBC7216B4C4500E9023F /* Products */ = {
			isa = PBXGroup;
			children = (
				AF6DBBC6216B4C4500E9023F /* Reciplease.app */,
				AFB6E9942181B6B2005FD513 /* RecipleaseTests.xctest */,
			);
			name = Products;
			sourceTree = "<group>";
		};
		AF6DBBC8216B4C4500E9023F /* Reciplease */ = {
			isa = PBXGroup;
			children = (
				AF6DBBE1216B4D0F00E9023F /* Model */,
				AF6DBBDF216B4C9900E9023F /* View */,
				AF6DBBDE216B4C6400E9023F /* Controller */,
				AF8D183B21A70A88003B82B4 /* Extension */,
				AF6DBBE0216B4CB700E9023F /* Supporting Files */,
			);
			path = Reciplease;
			sourceTree = "<group>";
		};
		AF6DBBDE216B4C6400E9023F /* Controller */ = {
			isa = PBXGroup;
			children = (
				AFBF6AB42180B80B00C424E8 /* IngredientViewController.swift */,
				AFFAD3DA219AEC2C00876788 /* RecipeListTableViewController.swift */,
				AF8D183C21A70BF8003B82B4 /* FavoriteTableViewController.swift */,
				AF449AFE219DB5480073B7F7 /* RecipeViewController.swift */,
				AF91CDB021B082EF00E82A5C /* ParametersTableViewController.swift */,
			);
			path = Controller;
			sourceTree = "<group>";
		};
		AF6DBBDF216B4C9900E9023F /* View */ = {
			isa = PBXGroup;
			children = (
				AF6DBBCD216B4C4500E9023F /* Main.storyboard */,
				AF6DBBD5216B4C4800E9023F /* LaunchScreen.storyboard */,
				AFBF6AB8218111E700C424E8 /* SearchResultTableViewCell.swift */,
				AF91CDB221B0956300E82A5C /* ParametersTableViewCell.swift */,
				AF5E4B8E21C784270016EA9D /* ParametersHeaderTableViewCell.swift */,
			);
			path = View;
			sourceTree = "<group>";
		};
		AF6DBBE0216B4CB700E9023F /* Supporting Files */ = {
			isa = PBXGroup;
			children = (
				AFD1CC612194E6D8002526D5 /* Constant.swift */,
				AF6DBBC9216B4C4500E9023F /* AppDelegate.swift */,
				AF6DBBD3216B4C4800E9023F /* Assets.xcassets */,
				AF6DBBD8216B4C4800E9023F /* Info.plist */,
			);
			path = "Supporting Files";
			sourceTree = "<group>";
		};
		AF6DBBE1216B4D0F00E9023F /* Model */ = {
			isa = PBXGroup;
			children = (
				AF4B47BA21962AB80031FFCE /* Networking */,
				AF6DBBD0216B4C4500E9023F /* Reciplease.xcdatamodeld */,
				AFC1C5E52190789000905734 /* RecipeService.swift */,
				AF7B51D121918EDF0001FCC5 /* SearchRecipe.swift */,
				AFA247F921A36E7E00B29B09 /* Recipe.swift */,
				AF8D183721A70983003B82B4 /* DisplayAlert.swift */,
				AF41FA5E21B8403800120ECA /* Parameter.swift */,
				AFDE90C421C39F0300F53EB2 /* FavoriteRecipe.swift */,
				AFDE90C621C3C5D600F53EB2 /* Ingredient.swift */,
			);
			path = Model;
			sourceTree = "<group>";
		};
		AF8D183B21A70A88003B82B4 /* Extension */ = {
			isa = PBXGroup;
			children = (
				AFA247F521A322B600B29B09 /* UIImage + Extension.swift */,
				AF8D183921A70A2E003B82B4 /* UIViewControler + Extension.swift */,
			);
			path = Extension;
			sourceTree = "<group>";
		};
		AFB6E9952181B6B2005FD513 /* RecipleaseTests */ = {
			isa = PBXGroup;
			children = (
				AF6F1E262181C32D00938222 /* RecipeServiceTestCase.swift */,
				AFB6E9982181B6B2005FD513 /* Info.plist */,
				AFD1CC532194396E002526D5 /* FakeResponseData.swift */,
				AFD1CC5521943A01002526D5 /* Recipe.json */,
				AF4B47BD219630040031FFCE /* FakeResponse.swift */,
				AF242D692197947800564FEF /* AlamofireRequestFake.swift */,
			);
			path = RecipleaseTests;
			sourceTree = "<group>";
		};
		BAA476F3857E9A86638F9B1C /* Pods */ = {
			isa = PBXGroup;
			children = (
				190316DFDC2B50ECC50FB332 /* Pods-Reciplease.debug.xcconfig */,
				F48E3EE0BB0B05C4E46B1E13 /* Pods-Reciplease.release.xcconfig */,
			);
			name = Pods;
			sourceTree = "<group>";
		};
/* End PBXGroup section */

/* Begin PBXNativeTarget section */
		AF6DBBC5216B4C4500E9023F /* Reciplease */ = {
			isa = PBXNativeTarget;
			buildConfigurationList = AF6DBBDB216B4C4800E9023F /* Build configuration list for PBXNativeTarget "Reciplease" */;
			buildPhases = (
				AD3B0280EE096FE71DFABD6B /* [CP] Check Pods Manifest.lock */,
				AF6DBBC2216B4C4500E9023F /* Sources */,
				AF6DBBC3216B4C4500E9023F /* Frameworks */,
				AF6DBBC4216B4C4500E9023F /* Resources */,
				F7E7B6ECF714320889A8711A /* [CP] Embed Pods Frameworks */,
			);
			buildRules = (
			);
			dependencies = (
			);
			name = Reciplease;
			productName = Reciplease;
			productReference = AF6DBBC6216B4C4500E9023F /* Reciplease.app */;
			productType = "com.apple.product-type.application";
		};
		AFB6E9932181B6B2005FD513 /* RecipleaseTests */ = {
			isa = PBXNativeTarget;
			buildConfigurationList = AFB6E99D2181B6B2005FD513 /* Build configuration list for PBXNativeTarget "RecipleaseTests" */;
			buildPhases = (
				AFB6E9902181B6B2005FD513 /* Sources */,
				AFB6E9912181B6B2005FD513 /* Frameworks */,
				AFB6E9922181B6B2005FD513 /* Resources */,
			);
			buildRules = (
			);
			dependencies = (
				AFB6E99A2181B6B2005FD513 /* PBXTargetDependency */,
			);
			name = RecipleaseTests;
			productName = RecipleaseTests;
			productReference = AFB6E9942181B6B2005FD513 /* RecipleaseTests.xctest */;
			productType = "com.apple.product-type.bundle.unit-test";
		};
/* End PBXNativeTarget section */

/* Begin PBXProject section */
		AF6DBBBE216B4C4500E9023F /* Project object */ = {
			isa = PBXProject;
			attributes = {
				LastSwiftUpdateCheck = 1000;
				LastUpgradeCheck = 1000;
				ORGANIZATIONNAME = Mattkee;
				TargetAttributes = {
					AF6DBBC5216B4C4500E9023F = {
						CreatedOnToolsVersion = 10.0;
					};
					AFB6E9932181B6B2005FD513 = {
						CreatedOnToolsVersion = 10.0;
						LastSwiftMigration = 1000;
						TestTargetID = AF6DBBC5216B4C4500E9023F;
					};
				};
			};
			buildConfigurationList = AF6DBBC1216B4C4500E9023F /* Build configuration list for PBXProject "Reciplease" */;
			compatibilityVersion = "Xcode 9.3";
			developmentRegion = en;
			hasScannedForEncodings = 0;
			knownRegions = (
				en,
				Base,
			);
			mainGroup = AF6DBBBD216B4C4500E9023F;
			productRefGroup = AF6DBBC7216B4C4500E9023F /* Products */;
			projectDirPath = "";
			projectRoot = "";
			targets = (
				AF6DBBC5216B4C4500E9023F /* Reciplease */,
				AFB6E9932181B6B2005FD513 /* RecipleaseTests */,
			);
		};
/* End PBXProject section */

/* Begin PBXResourcesBuildPhase section */
		AF6DBBC4216B4C4500E9023F /* Resources */ = {
			isa = PBXResourcesBuildPhase;
			buildActionMask = 2147483647;
			files = (
				AF6DBBD7216B4C4800E9023F /* LaunchScreen.storyboard in Resources */,
				AF6DBBD4216B4C4800E9023F /* Assets.xcassets in Resources */,
				AF6DBBCF216B4C4500E9023F /* Main.storyboard in Resources */,
			);
			runOnlyForDeploymentPostprocessing = 0;
		};
		AFB6E9922181B6B2005FD513 /* Resources */ = {
			isa = PBXResourcesBuildPhase;
			buildActionMask = 2147483647;
			files = (
				AFD1CC5621943A01002526D5 /* Recipe.json in Resources */,
			);
			runOnlyForDeploymentPostprocessing = 0;
		};
/* End PBXResourcesBuildPhase section */

/* Begin PBXShellScriptBuildPhase section */
		AD3B0280EE096FE71DFABD6B /* [CP] Check Pods Manifest.lock */ = {
			isa = PBXShellScriptBuildPhase;
			buildActionMask = 2147483647;
			files = (
			);
			inputPaths = (
				"${PODS_PODFILE_DIR_PATH}/Podfile.lock",
				"${PODS_ROOT}/Manifest.lock",
			);
			name = "[CP] Check Pods Manifest.lock";
			outputPaths = (
				"$(DERIVED_FILE_DIR)/Pods-Reciplease-checkManifestLockResult.txt",
			);
			runOnlyForDeploymentPostprocessing = 0;
			shellPath = /bin/sh;
			shellScript = "diff \"${PODS_PODFILE_DIR_PATH}/Podfile.lock\" \"${PODS_ROOT}/Manifest.lock\" > /dev/null\nif [ $? != 0 ] ; then\n    # print error to STDERR\n    echo \"error: The sandbox is not in sync with the Podfile.lock. Run 'pod install' or update your CocoaPods installation.\" >&2\n    exit 1\nfi\n# This output is used by Xcode 'outputs' to avoid re-running this script phase.\necho \"SUCCESS\" > \"${SCRIPT_OUTPUT_FILE_0}\"\n";
			showEnvVarsInLog = 0;
		};
		F7E7B6ECF714320889A8711A /* [CP] Embed Pods Frameworks */ = {
			isa = PBXShellScriptBuildPhase;
			buildActionMask = 2147483647;
			files = (
			);
			inputPaths = (
				"${SRCROOT}/Pods/Target Support Files/Pods-Reciplease/Pods-Reciplease-frameworks.sh",
				"${BUILT_PRODUCTS_DIR}/Alamofire/Alamofire.framework",
			);
			name = "[CP] Embed Pods Frameworks";
			outputPaths = (
				"${TARGET_BUILD_DIR}/${FRAMEWORKS_FOLDER_PATH}/Alamofire.framework",
			);
			runOnlyForDeploymentPostprocessing = 0;
			shellPath = /bin/sh;
			shellScript = "\"${SRCROOT}/Pods/Target Support Files/Pods-Reciplease/Pods-Reciplease-frameworks.sh\"\n";
			showEnvVarsInLog = 0;
		};
/* End PBXShellScriptBuildPhase section */

/* Begin PBXSourcesBuildPhase section */
		AF6DBBC2216B4C4500E9023F /* Sources */ = {
			isa = PBXSourcesBuildPhase;
			buildActionMask = 2147483647;
			files = (
				AF6DBBD2216B4C4500E9023F /* Reciplease.xcdatamodeld in Sources */,
				AFBF6AB9218111E700C424E8 /* SearchResultTableViewCell.swift in Sources */,
				AF8D183A21A70A2E003B82B4 /* UIViewControler + Extension.swift in Sources */,
				AF91CDB321B0956300E82A5C /* ParametersTableViewCell.swift in Sources */,
				AF4B47B021962A510031FFCE /* SearchRecipeAPI.swift in Sources */,
				AF8D183821A70983003B82B4 /* DisplayAlert.swift in Sources */,
				AF4B47AE21962A4B0031FFCE /* HTTPMethod.swift in Sources */,
				AFDE90C521C39F0300F53EB2 /* FavoriteRecipe.swift in Sources */,
				AFFAD3DB219AEC2C00876788 /* RecipeListTableViewController.swift in Sources */,
				AF4B47AA21962A4B0031FFCE /* Router.swift in Sources */,
				AFA247F821A3669E00B29B09 /* RecipeAPI.swift in Sources */,
				AFC1C5E62190789000905734 /* RecipeService.swift in Sources */,
				AF4B47AB21962A4B0031FFCE /* NetworkManager.swift in Sources */,
				AF4B47A921962A4B0031FFCE /* HTTPTask.swift in Sources */,
				AF5E4B8F21C784270016EA9D /* ParametersHeaderTableViewCell.swift in Sources */,
				AFDE90C721C3C5D600F53EB2 /* Ingredient.swift in Sources */,
				AFD1CC622194E6D8002526D5 /* Constant.swift in Sources */,
				AF8D183D21A70BF8003B82B4 /* FavoriteTableViewController.swift in Sources */,
				AF4B47C021964AC60031FFCE /* AlamofireRequest.swift in Sources */,
				AF91CDB121B082EF00E82A5C /* ParametersTableViewController.swift in Sources */,
				AF7B51D221918EDF0001FCC5 /* SearchRecipe.swift in Sources */,
				AF4B47B421962A590031FFCE /* ParameterEncoding.swift in Sources */,
				AFA247FA21A36E7E00B29B09 /* Recipe.swift in Sources */,
				AFA247F621A322B600B29B09 /* UIImage + Extension.swift in Sources */,
				AF4B47AD21962A4B0031FFCE /* NetworkRouter.swift in Sources */,
				AF41FA5F21B8403800120ECA /* Parameter.swift in Sources */,
				AF4B47B521962A590031FFCE /* URLParameterEncoder.swift in Sources */,
				AF4B47AC21962A4B0031FFCE /* EndPointType.swift in Sources */,
				AFBF6AB52180B80B00C424E8 /* IngredientViewController.swift in Sources */,
				AF6DBBCA216B4C4500E9023F /* AppDelegate.swift in Sources */,
				AF449AFF219DB5480073B7F7 /* RecipeViewController.swift in Sources */,
				AF4B47BC21962B210031FFCE /* JSONParameterEncoder.swift in Sources */,
			);
			runOnlyForDeploymentPostprocessing = 0;
		};
		AFB6E9902181B6B2005FD513 /* Sources */ = {
			isa = PBXSourcesBuildPhase;
			buildActionMask = 2147483647;
			files = (
				AF6F1E272181C32D00938222 /* RecipeServiceTestCase.swift in Sources */,
				AF242D6A2197947800564FEF /* AlamofireRequestFake.swift in Sources */,
				AFD1CC542194396E002526D5 /* FakeResponseData.swift in Sources */,
				AF4B47BE219630040031FFCE /* FakeResponse.swift in Sources */,
			);
			runOnlyForDeploymentPostprocessing = 0;
		};
/* End PBXSourcesBuildPhase section */

/* Begin PBXTargetDependency section */
		AFB6E99A2181B6B2005FD513 /* PBXTargetDependency */ = {
			isa = PBXTargetDependency;
			target = AF6DBBC5216B4C4500E9023F /* Reciplease */;
			targetProxy = AFB6E9992181B6B2005FD513 /* PBXContainerItemProxy */;
		};
/* End PBXTargetDependency section */

/* Begin PBXVariantGroup section */
		AF6DBBCD216B4C4500E9023F /* Main.storyboard */ = {
			isa = PBXVariantGroup;
			children = (
				AF6DBBCE216B4C4500E9023F /* Base */,
			);
			name = Main.storyboard;
			sourceTree = "<group>";
		};
		AF6DBBD5216B4C4800E9023F /* LaunchScreen.storyboard */ = {
			isa = PBXVariantGroup;
			children = (
				AF6DBBD6216B4C4800E9023F /* Base */,
			);
			name = LaunchScreen.storyboard;
			sourceTree = "<group>";
		};
/* End PBXVariantGroup section */

/* Begin XCBuildConfiguration section */
		AF6DBBD9216B4C4800E9023F /* Debug */ = {
			isa = XCBuildConfiguration;
			buildSettings = {
				ALWAYS_SEARCH_USER_PATHS = NO;
				CLANG_ANALYZER_NONNULL = YES;
				CLANG_ANALYZER_NUMBER_OBJECT_CONVERSION = YES_AGGRESSIVE;
				CLANG_CXX_LANGUAGE_STANDARD = "gnu++14";
				CLANG_CXX_LIBRARY = "libc++";
				CLANG_ENABLE_MODULES = YES;
				CLANG_ENABLE_OBJC_ARC = YES;
				CLANG_ENABLE_OBJC_WEAK = YES;
				CLANG_WARN_BLOCK_CAPTURE_AUTORELEASING = YES;
				CLANG_WARN_BOOL_CONVERSION = YES;
				CLANG_WARN_COMMA = YES;
				CLANG_WARN_CONSTANT_CONVERSION = YES;
				CLANG_WARN_DEPRECATED_OBJC_IMPLEMENTATIONS = YES;
				CLANG_WARN_DIRECT_OBJC_ISA_USAGE = YES_ERROR;
				CLANG_WARN_DOCUMENTATION_COMMENTS = YES;
				CLANG_WARN_EMPTY_BODY = YES;
				CLANG_WARN_ENUM_CONVERSION = YES;
				CLANG_WARN_INFINITE_RECURSION = YES;
				CLANG_WARN_INT_CONVERSION = YES;
				CLANG_WARN_NON_LITERAL_NULL_CONVERSION = YES;
				CLANG_WARN_OBJC_IMPLICIT_RETAIN_SELF = YES;
				CLANG_WARN_OBJC_LITERAL_CONVERSION = YES;
				CLANG_WARN_OBJC_ROOT_CLASS = YES_ERROR;
				CLANG_WARN_RANGE_LOOP_ANALYSIS = YES;
				CLANG_WARN_STRICT_PROTOTYPES = YES;
				CLANG_WARN_SUSPICIOUS_MOVE = YES;
				CLANG_WARN_UNGUARDED_AVAILABILITY = YES_AGGRESSIVE;
				CLANG_WARN_UNREACHABLE_CODE = YES;
				CLANG_WARN__DUPLICATE_METHOD_MATCH = YES;
				CODE_SIGN_IDENTITY = "iPhone Developer";
				COPY_PHASE_STRIP = NO;
				DEBUG_INFORMATION_FORMAT = dwarf;
				ENABLE_STRICT_OBJC_MSGSEND = YES;
				ENABLE_TESTABILITY = YES;
				GCC_C_LANGUAGE_STANDARD = gnu11;
				GCC_DYNAMIC_NO_PIC = NO;
				GCC_NO_COMMON_BLOCKS = YES;
				GCC_OPTIMIZATION_LEVEL = 0;
				GCC_PREPROCESSOR_DEFINITIONS = (
					"DEBUG=1",
					"$(inherited)",
				);
				GCC_WARN_64_TO_32_BIT_CONVERSION = YES;
				GCC_WARN_ABOUT_RETURN_TYPE = YES_ERROR;
				GCC_WARN_UNDECLARED_SELECTOR = YES;
				GCC_WARN_UNINITIALIZED_AUTOS = YES_AGGRESSIVE;
				GCC_WARN_UNUSED_FUNCTION = YES;
				GCC_WARN_UNUSED_VARIABLE = YES;
				IPHONEOS_DEPLOYMENT_TARGET = 12.0;
				MTL_ENABLE_DEBUG_INFO = INCLUDE_SOURCE;
				MTL_FAST_MATH = YES;
				ONLY_ACTIVE_ARCH = YES;
				SDKROOT = iphoneos;
				SWIFT_ACTIVE_COMPILATION_CONDITIONS = DEBUG;
				SWIFT_OPTIMIZATION_LEVEL = "-Onone";
			};
			name = Debug;
		};
		AF6DBBDA216B4C4800E9023F /* Release */ = {
			isa = XCBuildConfiguration;
			buildSettings = {
				ALWAYS_SEARCH_USER_PATHS = NO;
				CLANG_ANALYZER_NONNULL = YES;
				CLANG_ANALYZER_NUMBER_OBJECT_CONVERSION = YES_AGGRESSIVE;
				CLANG_CXX_LANGUAGE_STANDARD = "gnu++14";
				CLANG_CXX_LIBRARY = "libc++";
				CLANG_ENABLE_MODULES = YES;
				CLANG_ENABLE_OBJC_ARC = YES;
				CLANG_ENABLE_OBJC_WEAK = YES;
				CLANG_WARN_BLOCK_CAPTURE_AUTORELEASING = YES;
				CLANG_WARN_BOOL_CONVERSION = YES;
				CLANG_WARN_COMMA = YES;
				CLANG_WARN_CONSTANT_CONVERSION = YES;
				CLANG_WARN_DEPRECATED_OBJC_IMPLEMENTATIONS = YES;
				CLANG_WARN_DIRECT_OBJC_ISA_USAGE = YES_ERROR;
				CLANG_WARN_DOCUMENTATION_COMMENTS = YES;
				CLANG_WARN_EMPTY_BODY = YES;
				CLANG_WARN_ENUM_CONVERSION = YES;
				CLANG_WARN_INFINITE_RECURSION = YES;
				CLANG_WARN_INT_CONVERSION = YES;
				CLANG_WARN_NON_LITERAL_NULL_CONVERSION = YES;
				CLANG_WARN_OBJC_IMPLICIT_RETAIN_SELF = YES;
				CLANG_WARN_OBJC_LITERAL_CONVERSION = YES;
				CLANG_WARN_OBJC_ROOT_CLASS = YES_ERROR;
				CLANG_WARN_RANGE_LOOP_ANALYSIS = YES;
				CLANG_WARN_STRICT_PROTOTYPES = YES;
				CLANG_WARN_SUSPICIOUS_MOVE = YES;
				CLANG_WARN_UNGUARDED_AVAILABILITY = YES_AGGRESSIVE;
				CLANG_WARN_UNREACHABLE_CODE = YES;
				CLANG_WARN__DUPLICATE_METHOD_MATCH = YES;
				CODE_SIGN_IDENTITY = "iPhone Developer";
				COPY_PHASE_STRIP = NO;
				DEBUG_INFORMATION_FORMAT = "dwarf-with-dsym";
				ENABLE_NS_ASSERTIONS = NO;
				ENABLE_STRICT_OBJC_MSGSEND = YES;
				GCC_C_LANGUAGE_STANDARD = gnu11;
				GCC_NO_COMMON_BLOCKS = YES;
				GCC_WARN_64_TO_32_BIT_CONVERSION = YES;
				GCC_WARN_ABOUT_RETURN_TYPE = YES_ERROR;
				GCC_WARN_UNDECLARED_SELECTOR = YES;
				GCC_WARN_UNINITIALIZED_AUTOS = YES_AGGRESSIVE;
				GCC_WARN_UNUSED_FUNCTION = YES;
				GCC_WARN_UNUSED_VARIABLE = YES;
				IPHONEOS_DEPLOYMENT_TARGET = 12.0;
				MTL_ENABLE_DEBUG_INFO = NO;
				MTL_FAST_MATH = YES;
				SDKROOT = iphoneos;
				SWIFT_COMPILATION_MODE = wholemodule;
				SWIFT_OPTIMIZATION_LEVEL = "-O";
				VALIDATE_PRODUCT = YES;
			};
			name = Release;
		};
		AF6DBBDC216B4C4800E9023F /* Debug */ = {
			isa = XCBuildConfiguration;
			baseConfigurationReference = 190316DFDC2B50ECC50FB332 /* Pods-Reciplease.debug.xcconfig */;
			buildSettings = {
				ASSETCATALOG_COMPILER_APPICON_NAME = AppIcon;
				CODE_SIGN_STYLE = Automatic;
				INFOPLIST_FILE = "$(SRCROOT)/Reciplease/Supporting Files/Info.plist";
				LD_RUNPATH_SEARCH_PATHS = (
					"$(inherited)",
					"@executable_path/Frameworks",
				);
				PRODUCT_BUNDLE_IDENTIFIER = com.mattkee.Reciplease;
				PRODUCT_NAME = "$(TARGET_NAME)";
				SWIFT_VERSION = 4.2;
				TARGETED_DEVICE_FAMILY = "1,2";
			};
			name = Debug;
		};
		AF6DBBDD216B4C4800E9023F /* Release */ = {
			isa = XCBuildConfiguration;
			baseConfigurationReference = F48E3EE0BB0B05C4E46B1E13 /* Pods-Reciplease.release.xcconfig */;
			buildSettings = {
				ASSETCATALOG_COMPILER_APPICON_NAME = AppIcon;
				CODE_SIGN_STYLE = Automatic;
				INFOPLIST_FILE = "$(SRCROOT)/Reciplease/Supporting Files/Info.plist";
				LD_RUNPATH_SEARCH_PATHS = (
					"$(inherited)",
					"@executable_path/Frameworks",
				);
				PRODUCT_BUNDLE_IDENTIFIER = com.mattkee.Reciplease;
				PRODUCT_NAME = "$(TARGET_NAME)";
				SWIFT_VERSION = 4.2;
				TARGETED_DEVICE_FAMILY = "1,2";
			};
			name = Release;
		};
		AFB6E99B2181B6B2005FD513 /* Debug */ = {
			isa = XCBuildConfiguration;
			buildSettings = {
				BUNDLE_LOADER = "$(TEST_HOST)";
				CLANG_ENABLE_MODULES = YES;
				CODE_SIGN_STYLE = Automatic;
				INFOPLIST_FILE = RecipleaseTests/Info.plist;
				LD_RUNPATH_SEARCH_PATHS = (
					"$(inherited)",
					"@executable_path/Frameworks",
					"@loader_path/Frameworks",
				);
				PRODUCT_BUNDLE_IDENTIFIER = com.mattkee.RecipleaseTests;
				PRODUCT_NAME = "$(TARGET_NAME)";
				SWIFT_OPTIMIZATION_LEVEL = "-Onone";
				SWIFT_VERSION = 4.2;
				TARGETED_DEVICE_FAMILY = "1,2";
				TEST_HOST = "$(BUILT_PRODUCTS_DIR)/Reciplease.app/Reciplease";
			};
			name = Debug;
		};
		AFB6E99C2181B6B2005FD513 /* Release */ = {
			isa = XCBuildConfiguration;
			buildSettings = {
				BUNDLE_LOADER = "$(TEST_HOST)";
				CLANG_ENABLE_MODULES = YES;
				CODE_SIGN_STYLE = Automatic;
				INFOPLIST_FILE = RecipleaseTests/Info.plist;
				LD_RUNPATH_SEARCH_PATHS = (
					"$(inherited)",
					"@executable_path/Frameworks",
					"@loader_path/Frameworks",
				);
				PRODUCT_BUNDLE_IDENTIFIER = com.mattkee.RecipleaseTests;
				PRODUCT_NAME = "$(TARGET_NAME)";
				SWIFT_VERSION = 4.2;
				TARGETED_DEVICE_FAMILY = "1,2";
				TEST_HOST = "$(BUILT_PRODUCTS_DIR)/Reciplease.app/Reciplease";
			};
			name = Release;
		};
/* End XCBuildConfiguration section */

/* Begin XCConfigurationList section */
		AF6DBBC1216B4C4500E9023F /* Build configuration list for PBXProject "Reciplease" */ = {
			isa = XCConfigurationList;
			buildConfigurations = (
				AF6DBBD9216B4C4800E9023F /* Debug */,
				AF6DBBDA216B4C4800E9023F /* Release */,
			);
			defaultConfigurationIsVisible = 0;
			defaultConfigurationName = Release;
		};
		AF6DBBDB216B4C4800E9023F /* Build configuration list for PBXNativeTarget "Reciplease" */ = {
			isa = XCConfigurationList;
			buildConfigurations = (
				AF6DBBDC216B4C4800E9023F /* Debug */,
				AF6DBBDD216B4C4800E9023F /* Release */,
			);
			defaultConfigurationIsVisible = 0;
			defaultConfigurationName = Release;
		};
		AFB6E99D2181B6B2005FD513 /* Build configuration list for PBXNativeTarget "RecipleaseTests" */ = {
			isa = XCConfigurationList;
			buildConfigurations = (
				AFB6E99B2181B6B2005FD513 /* Debug */,
				AFB6E99C2181B6B2005FD513 /* Release */,
			);
			defaultConfigurationIsVisible = 0;
			defaultConfigurationName = Release;
		};
/* End XCConfigurationList section */

/* Begin XCVersionGroup section */
		AF6DBBD0216B4C4500E9023F /* Reciplease.xcdatamodeld */ = {
			isa = XCVersionGroup;
			children = (
				AF6DBBD1216B4C4500E9023F /* Reciplease.xcdatamodel */,
			);
			currentVersion = AF6DBBD1216B4C4500E9023F /* Reciplease.xcdatamodel */;
			path = Reciplease.xcdatamodeld;
			sourceTree = "<group>";
			versionGroupType = wrapper.xcdatamodel;
		};
/* End XCVersionGroup section */
	};
	rootObject = AF6DBBBE216B4C4500E9023F /* Project object */;
}
