// !$*UTF8*$!
{
	archiveVersion = 1;
	classes = {
	};
	objectVersion = 50;
	objects = {

/* Begin PBXBuildFile section */
		AF6DBBCA216B4C4500E9023F /* AppDelegate.swift in Sources */ = {isa = PBXBuildFile; fileRef = AF6DBBC9216B4C4500E9023F /* AppDelegate.swift */; };
		AF6DBBCF216B4C4500E9023F /* Main.storyboard in Resources */ = {isa = PBXBuildFile; fileRef = AF6DBBCD216B4C4500E9023F /* Main.storyboard */; };
		AF6DBBD2216B4C4500E9023F /* Reciplease.xcdatamodeld in Sources */ = {isa = PBXBuildFile; fileRef = AF6DBBD0216B4C4500E9023F /* Reciplease.xcdatamodeld */; };
		AF6DBBD4216B4C4800E9023F /* Assets.xcassets in Resources */ = {isa = PBXBuildFile; fileRef = AF6DBBD3216B4C4800E9023F /* Assets.xcassets */; };
		AF6DBBD7216B4C4800E9023F /* LaunchScreen.storyboard in Resources */ = {isa = PBXBuildFile; fileRef = AF6DBBD5216B4C4800E9023F /* LaunchScreen.storyboard */; };
		AF766FD4217E15B100E1F671 /* MainTabBarController.swift in Sources */ = {isa = PBXBuildFile; fileRef = AF766FD3217E15B100E1F671 /* MainTabBarController.swift */; };
		AFBF6AB52180B80B00C424E8 /* SearchViewController.swift in Sources */ = {isa = PBXBuildFile; fileRef = AFBF6AB42180B80B00C424E8 /* SearchViewController.swift */; };
		AFBF6AB9218111E700C424E8 /* SearchResultTableViewCell.swift in Sources */ = {isa = PBXBuildFile; fileRef = AFBF6AB8218111E700C424E8 /* SearchResultTableViewCell.swift */; };
		FDC516F5548476CE6D516778 /* Pods_Reciplease.framework in Frameworks */ = {isa = PBXBuildFile; fileRef = AE27F32DED38BCF34F38BD3C /* Pods_Reciplease.framework */; };
/* End PBXBuildFile section */

/* Begin PBXFileReference section */
		190316DFDC2B50ECC50FB332 /* Pods-Reciplease.debug.xcconfig */ = {isa = PBXFileReference; includeInIndex = 1; lastKnownFileType = text.xcconfig; name = "Pods-Reciplease.debug.xcconfig"; path = "Pods/Target Support Files/Pods-Reciplease/Pods-Reciplease.debug.xcconfig"; sourceTree = "<group>"; };
		AE27F32DED38BCF34F38BD3C /* Pods_Reciplease.framework */ = {isa = PBXFileReference; explicitFileType = wrapper.framework; includeInIndex = 0; path = Pods_Reciplease.framework; sourceTree = BUILT_PRODUCTS_DIR; };
		AF6DBBC6216B4C4500E9023F /* Reciplease.app */ = {isa = PBXFileReference; explicitFileType = wrapper.application; includeInIndex = 0; path = Reciplease.app; sourceTree = BUILT_PRODUCTS_DIR; };
		AF6DBBC9216B4C4500E9023F /* AppDelegate.swift */ = {isa = PBXFileReference; lastKnownFileType = sourcecode.swift; path = AppDelegate.swift; sourceTree = "<group>"; };
		AF6DBBCE216B4C4500E9023F /* Base */ = {isa = PBXFileReference; lastKnownFileType = file.storyboard; name = Base; path = Base.lproj/Main.storyboard; sourceTree = "<group>"; };
		AF6DBBD1216B4C4500E9023F /* Reciplease.xcdatamodel */ = {isa = PBXFileReference; lastKnownFileType = wrapper.xcdatamodel; path = Reciplease.xcdatamodel; sourceTree = "<group>"; };
		AF6DBBD3216B4C4800E9023F /* Assets.xcassets */ = {isa = PBXFileReference; lastKnownFileType = folder.assetcatalog; path = Assets.xcassets; sourceTree = "<group>"; };
		AF6DBBD6216B4C4800E9023F /* Base */ = {isa = PBXFileReference; lastKnownFileType = file.storyboard; name = Base; path = Base.lproj/LaunchScreen.storyboard; sourceTree = "<group>"; };
		AF6DBBD8216B4C4800E9023F /* Info.plist */ = {isa = PBXFileReference; lastKnownFileType = text.plist.xml; path = Info.plist; sourceTree = "<group>"; };
		AF766FD3217E15B100E1F671 /* MainTabBarController.swift */ = {isa = PBXFileReference; lastKnownFileType = sourcecode.swift; path = MainTabBarController.swift; sourceTree = "<group>"; };
		AFBF6AB42180B80B00C424E8 /* SearchViewController.swift */ = {isa = PBXFileReference; lastKnownFileType = sourcecode.swift; path = SearchViewController.swift; sourceTree = "<group>"; };
		AFBF6AB8218111E700C424E8 /* SearchResultTableViewCell.swift */ = {isa = PBXFileReference; lastKnownFileType = sourcecode.swift; path = SearchResultTableViewCell.swift; sourceTree = "<group>"; };
		F48E3EE0BB0B05C4E46B1E13 /* Pods-Reciplease.release.xcconfig */ = {isa = PBXFileReference; includeInIndex = 1; lastKnownFileType = text.xcconfig; name = "Pods-Reciplease.release.xcconfig"; path = "Pods/Target Support Files/Pods-Reciplease/Pods-Reciplease.release.xcconfig"; sourceTree = "<group>"; };
/* End PBXFileReference section */

/* Begin PBXFrameworksBuildPhase section */
		AF6DBBC3216B4C4500E9023F /* Frameworks */ = {
			isa = PBXFrameworksBuildPhase;
			buildActionMask = 2147483647;
			files = (
				FDC516F5548476CE6D516778 /* Pods_Reciplease.framework in Frameworks */,
			);
			runOnlyForDeploymentPostprocessing = 0;
		};
/* End PBXFrameworksBuildPhase section */

/* Begin PBXGroup section */
		2AA42BAEA2E8B09EDBFA1F31 /* Frameworks */ = {
			isa = PBXGroup;
			children = (
				AE27F32DED38BCF34F38BD3C /* Pods_Reciplease.framework */,
			);
			name = Frameworks;
			sourceTree = "<group>";
		};
		AF6DBBBD216B4C4500E9023F = {
			isa = PBXGroup;
			children = (
				AF6DBBC8216B4C4500E9023F /* Reciplease */,
				AF6DBBC7216B4C4500E9023F /* Products */,
				BAA476F3857E9A86638F9B1C /* Pods */,
				2AA42BAEA2E8B09EDBFA1F31 /* Frameworks */,
			);
			sourceTree = "<group>";
		};
		AF6DBBC7216B4C4500E9023F /* Products */ = {
			isa = PBXGroup;
			children = (
				AF6DBBC6216B4C4500E9023F /* Reciplease.app */,
			);
			name = Products;
			sourceTree = "<group>";
		};
		AF6DBBC8216B4C4500E9023F /* Reciplease */ = {
			isa = PBXGroup;
			children = (
				AF6DBBE1216B4D0F00E9023F /* Model */,
				AF6DBBDF216B4C9900E9023F /* View */,
				AF6DBBDE216B4C6400E9023F /* Controller */,
				AF6DBBE0216B4CB700E9023F /* Supporting Files */,
			);
			path = Reciplease;
			sourceTree = "<group>";
		};
		AF6DBBDE216B4C6400E9023F /* Controller */ = {
			isa = PBXGroup;
			children = (
				AF766FD3217E15B100E1F671 /* MainTabBarController.swift */,
				AFBF6AB42180B80B00C424E8 /* SearchViewController.swift */,
			);
			path = Controller;
			sourceTree = "<group>";
		};
		AF6DBBDF216B4C9900E9023F /* View */ = {
			isa = PBXGroup;
			children = (
				AF6DBBCD216B4C4500E9023F /* Main.storyboard */,
				AF6DBBD5216B4C4800E9023F /* LaunchScreen.storyboard */,
				AFBF6AB8218111E700C424E8 /* SearchResultTableViewCell.swift */,
			);
			path = View;
			sourceTree = "<group>";
		};
		AF6DBBE0216B4CB700E9023F /* Supporting Files */ = {
			isa = PBXGroup;
			children = (
				AF6DBBC9216B4C4500E9023F /* AppDelegate.swift */,
				AF6DBBD3216B4C4800E9023F /* Assets.xcassets */,
				AF6DBBD8216B4C4800E9023F /* Info.plist */,
			);
			path = "Supporting Files";
			sourceTree = "<group>";
		};
		AF6DBBE1216B4D0F00E9023F /* Model */ = {
			isa = PBXGroup;
			children = (
				AF6DBBD0216B4C4500E9023F /* Reciplease.xcdatamodeld */,
			);
			path = Model;
			sourceTree = "<group>";
		};
		BAA476F3857E9A86638F9B1C /* Pods */ = {
			isa = PBXGroup;
			children = (
				190316DFDC2B50ECC50FB332 /* Pods-Reciplease.debug.xcconfig */,
				F48E3EE0BB0B05C4E46B1E13 /* Pods-Reciplease.release.xcconfig */,
			);
			name = Pods;
			sourceTree = "<group>";
		};
/* End PBXGroup section */

/* Begin PBXNativeTarget section */
		AF6DBBC5216B4C4500E9023F /* Reciplease */ = {
			isa = PBXNativeTarget;
			buildConfigurationList = AF6DBBDB216B4C4800E9023F /* Build configuration list for PBXNativeTarget "Reciplease" */;
			buildPhases = (
				AD3B0280EE096FE71DFABD6B /* [CP] Check Pods Manifest.lock */,
				AF6DBBC2216B4C4500E9023F /* Sources */,
				AF6DBBC3216B4C4500E9023F /* Frameworks */,
				AF6DBBC4216B4C4500E9023F /* Resources */,
				F7E7B6ECF714320889A8711A /* [CP] Embed Pods Frameworks */,
			);
			buildRules = (
			);
			dependencies = (
			);
			name = Reciplease;
			productName = Reciplease;
			productReference = AF6DBBC6216B4C4500E9023F /* Reciplease.app */;
			productType = "com.apple.product-type.application";
		};
/* End PBXNativeTarget section */

/* Begin PBXProject section */
		AF6DBBBE216B4C4500E9023F /* Project object */ = {
			isa = PBXProject;
			attributes = {
				LastSwiftUpdateCheck = 1000;
				LastUpgradeCheck = 1000;
				ORGANIZATIONNAME = Mattkee;
				TargetAttributes = {
					AF6DBBC5216B4C4500E9023F = {
						CreatedOnToolsVersion = 10.0;
					};
				};
			};
			buildConfigurationList = AF6DBBC1216B4C4500E9023F /* Build configuration list for PBXProject "Reciplease" */;
			compatibilityVersion = "Xcode 9.3";
			developmentRegion = en;
			hasScannedForEncodings = 0;
			knownRegions = (
				en,
				Base,
			);
			mainGroup = AF6DBBBD216B4C4500E9023F;
			productRefGroup = AF6DBBC7216B4C4500E9023F /* Products */;
			projectDirPath = "";
			projectRoot = "";
			targets = (
				AF6DBBC5216B4C4500E9023F /* Reciplease */,
			);
		};
/* End PBXProject section */

/* Begin PBXResourcesBuildPhase section */
		AF6DBBC4216B4C4500E9023F /* Resources */ = {
			isa = PBXResourcesBuildPhase;
			buildActionMask = 2147483647;
			files = (
				AF6DBBD7216B4C4800E9023F /* LaunchScreen.storyboard in Resources */,
				AF6DBBD4216B4C4800E9023F /* Assets.xcassets in Resources */,
				AF6DBBCF216B4C4500E9023F /* Main.storyboard in Resources */,
			);
			runOnlyForDeploymentPostprocessing = 0;
		};
/* End PBXResourcesBuildPhase section */

/* Begin PBXShellScriptBuildPhase section */
		AD3B0280EE096FE71DFABD6B /* [CP] Check Pods Manifest.lock */ = {
			isa = PBXShellScriptBuildPhase;
			buildActionMask = 2147483647;
			files = (
			);
			inputPaths = (
				"${PODS_PODFILE_DIR_PATH}/Podfile.lock",
				"${PODS_ROOT}/Manifest.lock",
			);
			name = "[CP] Check Pods Manifest.lock";
			outputPaths = (
				"$(DERIVED_FILE_DIR)/Pods-Reciplease-checkManifestLockResult.txt",
			);
			runOnlyForDeploymentPostprocessing = 0;
			shellPath = /bin/sh;
			shellScript = "diff \"${PODS_PODFILE_DIR_PATH}/Podfile.lock\" \"${PODS_ROOT}/Manifest.lock\" > /dev/null\nif [ $? != 0 ] ; then\n    # print error to STDERR\n    echo \"error: The sandbox is not in sync with the Podfile.lock. Run 'pod install' or update your CocoaPods installation.\" >&2\n    exit 1\nfi\n# This output is used by Xcode 'outputs' to avoid re-running this script phase.\necho \"SUCCESS\" > \"${SCRIPT_OUTPUT_FILE_0}\"\n";
			showEnvVarsInLog = 0;
		};
		F7E7B6ECF714320889A8711A /* [CP] Embed Pods Frameworks */ = {
			isa = PBXShellScriptBuildPhase;
			buildActionMask = 2147483647;
			files = (
			);
			inputPaths = (
				"${SRCROOT}/Pods/Target Support Files/Pods-Reciplease/Pods-Reciplease-frameworks.sh",
				"${BUILT_PRODUCTS_DIR}/Alamofire/Alamofire.framework",
			);
			name = "[CP] Embed Pods Frameworks";
			outputPaths = (
				"${TARGET_BUILD_DIR}/${FRAMEWORKS_FOLDER_PATH}/Alamofire.framework",
			);
			runOnlyForDeploymentPostprocessing = 0;
			shellPath = /bin/sh;
			shellScript = "\"${SRCROOT}/Pods/Target Support Files/Pods-Reciplease/Pods-Reciplease-frameworks.sh\"\n";
			showEnvVarsInLog = 0;
		};
/* End PBXShellScriptBuildPhase section */

/* Begin PBXSourcesBuildPhase section */
		AF6DBBC2216B4C4500E9023F /* Sources */ = {
			isa = PBXSourcesBuildPhase;
			buildActionMask = 2147483647;
			files = (
				AF6DBBD2216B4C4500E9023F /* Reciplease.xcdatamodeld in Sources */,
				AFBF6AB9218111E700C424E8 /* SearchResultTableViewCell.swift in Sources */,
				AF766FD4217E15B100E1F671 /* MainTabBarController.swift in Sources */,
				AFBF6AB52180B80B00C424E8 /* SearchViewController.swift in Sources */,
				AF6DBBCA216B4C4500E9023F /* AppDelegate.swift in Sources */,
			);
			runOnlyForDeploymentPostprocessing = 0;
		};
/* End PBXSourcesBuildPhase section */

/* Begin PBXVariantGroup section */
		AF6DBBCD216B4C4500E9023F /* Main.storyboard */ = {
			isa = PBXVariantGroup;
			children = (
				AF6DBBCE216B4C4500E9023F /* Base */,
			);
			name = Main.storyboard;
			sourceTree = "<group>";
		};
		AF6DBBD5216B4C4800E9023F /* LaunchScreen.storyboard */ = {
			isa = PBXVariantGroup;
			children = (
				AF6DBBD6216B4C4800E9023F /* Base */,
			);
			name = LaunchScreen.storyboard;
			sourceTree = "<group>";
		};
/* End PBXVariantGroup section */

/* Begin XCBuildConfiguration section */
		AF6DBBD9216B4C4800E9023F /* Debug */ = {
			isa = XCBuildConfiguration;
			buildSettings = {
				ALWAYS_SEARCH_USER_PATHS = NO;
				CLANG_ANALYZER_NONNULL = YES;
				CLANG_ANALYZER_NUMBER_OBJECT_CONVERSION = YES_AGGRESSIVE;
				CLANG_CXX_LANGUAGE_STANDARD = "gnu++14";
				CLANG_CXX_LIBRARY = "libc++";
				CLANG_ENABLE_MODULES = YES;
				CLANG_ENABLE_OBJC_ARC = YES;
				CLANG_ENABLE_OBJC_WEAK = YES;
				CLANG_WARN_BLOCK_CAPTURE_AUTORELEASING = YES;
				CLANG_WARN_BOOL_CONVERSION = YES;
				CLANG_WARN_COMMA = YES;
				CLANG_WARN_CONSTANT_CONVERSION = YES;
				CLANG_WARN_DEPRECATED_OBJC_IMPLEMENTATIONS = YES;
				CLANG_WARN_DIRECT_OBJC_ISA_USAGE = YES_ERROR;
				CLANG_WARN_DOCUMENTATION_COMMENTS = YES;
				CLANG_WARN_EMPTY_BODY = YES;
				CLANG_WARN_ENUM_CONVERSION = YES;
				CLANG_WARN_INFINITE_RECURSION = YES;
				CLANG_WARN_INT_CONVERSION = YES;
				CLANG_WARN_NON_LITERAL_NULL_CONVERSION = YES;
				CLANG_WARN_OBJC_IMPLICIT_RETAIN_SELF = YES;
				CLANG_WARN_OBJC_LITERAL_CONVERSION = YES;
				CLANG_WARN_OBJC_ROOT_CLASS = YES_ERROR;
				CLANG_WARN_RANGE_LOOP_ANALYSIS = YES;
				CLANG_WARN_STRICT_PROTOTYPES = YES;
				CLANG_WARN_SUSPICIOUS_MOVE = YES;
				CLANG_WARN_UNGUARDED_AVAILABILITY = YES_AGGRESSIVE;
				CLANG_WARN_UNREACHABLE_CODE = YES;
				CLANG_WARN__DUPLICATE_METHOD_MATCH = YES;
				CODE_SIGN_IDENTITY = "iPhone Developer";
				COPY_PHASE_STRIP = NO;
				DEBUG_INFORMATION_FORMAT = dwarf;
				ENABLE_STRICT_OBJC_MSGSEND = YES;
				ENABLE_TESTABILITY = YES;
				GCC_C_LANGUAGE_STANDARD = gnu11;
				GCC_DYNAMIC_NO_PIC = NO;
				GCC_NO_COMMON_BLOCKS = YES;
				GCC_OPTIMIZATION_LEVEL = 0;
				GCC_PREPROCESSOR_DEFINITIONS = (
					"DEBUG=1",
					"$(inherited)",
				);
				GCC_WARN_64_TO_32_BIT_CONVERSION = YES;
				GCC_WARN_ABOUT_RETURN_TYPE = YES_ERROR;
				GCC_WARN_UNDECLARED_SELECTOR = YES;
				GCC_WARN_UNINITIALIZED_AUTOS = YES_AGGRESSIVE;
				GCC_WARN_UNUSED_FUNCTION = YES;
				GCC_WARN_UNUSED_VARIABLE = YES;
				IPHONEOS_DEPLOYMENT_TARGET = 12.0;
				MTL_ENABLE_DEBUG_INFO = INCLUDE_SOURCE;
				MTL_FAST_MATH = YES;
				ONLY_ACTIVE_ARCH = YES;
				SDKROOT = iphoneos;
				SWIFT_ACTIVE_COMPILATION_CONDITIONS = DEBUG;
				SWIFT_OPTIMIZATION_LEVEL = "-Onone";
			};
			name = Debug;
		};
		AF6DBBDA216B4C4800E9023F /* Release */ = {
			isa = XCBuildConfiguration;
			buildSettings = {
				ALWAYS_SEARCH_USER_PATHS = NO;
				CLANG_ANALYZER_NONNULL = YES;
				CLANG_ANALYZER_NUMBER_OBJECT_CONVERSION = YES_AGGRESSIVE;
				CLANG_CXX_LANGUAGE_STANDARD = "gnu++14";
				CLANG_CXX_LIBRARY = "libc++";
				CLANG_ENABLE_MODULES = YES;
				CLANG_ENABLE_OBJC_ARC = YES;
				CLANG_ENABLE_OBJC_WEAK = YES;
				CLANG_WARN_BLOCK_CAPTURE_AUTORELEASING = YES;
				CLANG_WARN_BOOL_CONVERSION = YES;
				CLANG_WARN_COMMA = YES;
				CLANG_WARN_CONSTANT_CONVERSION = YES;
				CLANG_WARN_DEPRECATED_OBJC_IMPLEMENTATIONS = YES;
				CLANG_WARN_DIRECT_OBJC_ISA_USAGE = YES_ERROR;
				CLANG_WARN_DOCUMENTATION_COMMENTS = YES;
				CLANG_WARN_EMPTY_BODY = YES;
				CLANG_WARN_ENUM_CONVERSION = YES;
				CLANG_WARN_INFINITE_RECURSION = YES;
				CLANG_WARN_INT_CONVERSION = YES;
				CLANG_WARN_NON_LITERAL_NULL_CONVERSION = YES;
				CLANG_WARN_OBJC_IMPLICIT_RETAIN_SELF = YES;
				CLANG_WARN_OBJC_LITERAL_CONVERSION = YES;
				CLANG_WARN_OBJC_ROOT_CLASS = YES_ERROR;
				CLANG_WARN_RANGE_LOOP_ANALYSIS = YES;
				CLANG_WARN_STRICT_PROTOTYPES = YES;
				CLANG_WARN_SUSPICIOUS_MOVE = YES;
				CLANG_WARN_UNGUARDED_AVAILABILITY = YES_AGGRESSIVE;
				CLANG_WARN_UNREACHABLE_CODE = YES;
				CLANG_WARN__DUPLICATE_METHOD_MATCH = YES;
				CODE_SIGN_IDENTITY = "iPhone Developer";
				COPY_PHASE_STRIP = NO;
				DEBUG_INFORMATION_FORMAT = "dwarf-with-dsym";
				ENABLE_NS_ASSERTIONS = NO;
				ENABLE_STRICT_OBJC_MSGSEND = YES;
				GCC_C_LANGUAGE_STANDARD = gnu11;
				GCC_NO_COMMON_BLOCKS = YES;
				GCC_WARN_64_TO_32_BIT_CONVERSION = YES;
				GCC_WARN_ABOUT_RETURN_TYPE = YES_ERROR;
				GCC_WARN_UNDECLARED_SELECTOR = YES;
				GCC_WARN_UNINITIALIZED_AUTOS = YES_AGGRESSIVE;
				GCC_WARN_UNUSED_FUNCTION = YES;
				GCC_WARN_UNUSED_VARIABLE = YES;
				IPHONEOS_DEPLOYMENT_TARGET = 12.0;
				MTL_ENABLE_DEBUG_INFO = NO;
				MTL_FAST_MATH = YES;
				SDKROOT = iphoneos;
				SWIFT_COMPILATION_MODE = wholemodule;
				SWIFT_OPTIMIZATION_LEVEL = "-O";
				VALIDATE_PRODUCT = YES;
			};
			name = Release;
		};
		AF6DBBDC216B4C4800E9023F /* Debug */ = {
			isa = XCBuildConfiguration;
			baseConfigurationReference = 190316DFDC2B50ECC50FB332 /* Pods-Reciplease.debug.xcconfig */;
			buildSettings = {
				ASSETCATALOG_COMPILER_APPICON_NAME = AppIcon;
				CODE_SIGN_STYLE = Automatic;
				INFOPLIST_FILE = "$(SRCROOT)/Reciplease/Supporting Files/Info.plist";
				LD_RUNPATH_SEARCH_PATHS = (
					"$(inherited)",
					"@executable_path/Frameworks",
				);
				PRODUCT_BUNDLE_IDENTIFIER = com.mattkee.Reciplease;
				PRODUCT_NAME = "$(TARGET_NAME)";
				SWIFT_VERSION = 4.2;
				TARGETED_DEVICE_FAMILY = "1,2";
			};
			name = Debug;
		};
		AF6DBBDD216B4C4800E9023F /* Release */ = {
			isa = XCBuildConfiguration;
			baseConfigurationReference = F48E3EE0BB0B05C4E46B1E13 /* Pods-Reciplease.release.xcconfig */;
			buildSettings = {
				ASSETCATALOG_COMPILER_APPICON_NAME = AppIcon;
				CODE_SIGN_STYLE = Automatic;
				INFOPLIST_FILE = "$(SRCROOT)/Reciplease/Supporting Files/Info.plist";
				LD_RUNPATH_SEARCH_PATHS = (
					"$(inherited)",
					"@executable_path/Frameworks",
				);
				PRODUCT_BUNDLE_IDENTIFIER = com.mattkee.Reciplease;
				PRODUCT_NAME = "$(TARGET_NAME)";
				SWIFT_VERSION = 4.2;
				TARGETED_DEVICE_FAMILY = "1,2";
			};
			name = Release;
		};
/* End XCBuildConfiguration section */

/* Begin XCConfigurationList section */
		AF6DBBC1216B4C4500E9023F /* Build configuration list for PBXProject "Reciplease" */ = {
			isa = XCConfigurationList;
			buildConfigurations = (
				AF6DBBD9216B4C4800E9023F /* Debug */,
				AF6DBBDA216B4C4800E9023F /* Release */,
			);
			defaultConfigurationIsVisible = 0;
			defaultConfigurationName = Release;
		};
		AF6DBBDB216B4C4800E9023F /* Build configuration list for PBXNativeTarget "Reciplease" */ = {
			isa = XCConfigurationList;
			buildConfigurations = (
				AF6DBBDC216B4C4800E9023F /* Debug */,
				AF6DBBDD216B4C4800E9023F /* Release */,
			);
			defaultConfigurationIsVisible = 0;
			defaultConfigurationName = Release;
		};
/* End XCConfigurationList section */

/* Begin XCVersionGroup section */
		AF6DBBD0216B4C4500E9023F /* Reciplease.xcdatamodeld */ = {
			isa = XCVersionGroup;
			children = (
				AF6DBBD1216B4C4500E9023F /* Reciplease.xcdatamodel */,
			);
			currentVersion = AF6DBBD1216B4C4500E9023F /* Reciplease.xcdatamodel */;
			path = Reciplease.xcdatamodeld;
			sourceTree = "<group>";
			versionGroupType = wrapper.xcdatamodel;
		};
/* End XCVersionGroup section */
	};
	rootObject = AF6DBBBE216B4C4500E9023F /* Project object */;
}
